
Microsoft Visual Studio Solution File, Format Version 12.00
# Visual Studio Version 16
VisualStudioVersion = 16.0.29709.97
MinimumVisualStudioVersion = 10.0.40219.1
Project("{9A19103F-16F7-4668-BE54-9A1E7A4F7556}") = "imperialcalculator", "imperialcalculator.csproj", "{6A364EE2-1D78-428A-84AF-D6F9897C57CF}"
EndProject
Global
	GlobalSection(SolutionConfigurationPlatforms) = preSolution
		Debug|Any CPU = Debug|Any CPU
		Debug|x64 = Debug|x64
		Release|Any CPU = Release|Any CPU
		Release|x64 = Release|x64
		Test|Any CPU = Test|Any CPU
		Test|x64 = Test|x64
	EndGlobalSection
	GlobalSection(ProjectConfigurationPlatforms) = postSolution
		{6A364EE2-1D78-428A-84AF-D6F9897C57CF}.Debug|Any CPU.ActiveCfg = Debug|Any CPU
		{6A364EE2-1D78-428A-84AF-D6F9897C57CF}.Debug|Any CPU.Build.0 = Debug|Any CPU
		{6A364EE2-1D78-428A-84AF-D6F9897C57CF}.Debug|x64.ActiveCfg = Debug|x64
		{6A364EE2-1D78-428A-84AF-D6F9897C57CF}.Debug|x64.Build.0 = Debug|x64
		{6A364EE2-1D78-428A-84AF-D6F9897C57CF}.Release|Any CPU.ActiveCfg = Release|Any CPU
		{6A364EE2-1D78-428A-84AF-D6F9897C57CF}.Release|Any CPU.Build.0 = Release|Any CPU
		{6A364EE2-1D78-428A-84AF-D6F9897C57CF}.Release|x64.ActiveCfg = Release|x64
		{6A364EE2-1D78-428A-84AF-D6F9897C57CF}.Release|x64.Build.0 = Release|x64
		{6A364EE2-1D78-428A-84AF-D6F9897C57CF}.Test|Any CPU.ActiveCfg = Test|Any CPU
		{6A364EE2-1D78-428A-84AF-D6F9897C57CF}.Test|Any CPU.Build.0 = Test|Any CPU
		{6A364EE2-1D78-428A-84AF-D6F9897C57CF}.Test|x64.ActiveCfg = Test|x64
		{6A364EE2-1D78-428A-84AF-D6F9897C57CF}.Test|x64.Build.0 = Test|x64
	EndGlobalSection
	GlobalSection(SolutionProperties) = preSolution
		HideSolutionNode = FALSE
	EndGlobalSection
	GlobalSection(ExtensibilityGlobals) = postSolution
		SolutionGuid = {4B550B70-6025-453F-BEC8-F079124C61AF}
	EndGlobalSection
EndGlobal
